
Microsoft Visual Studio Solution File, Format Version 12.00
# Visual Studio Version 17
VisualStudioVersion = 17.2.32616.157
MinimumVisualStudioVersion = 10.0.40219.1
Project("{FAE04EC0-301F-11D3-BF4B-00C04F79EFBC}") = "Notes.Api", "Notes.Api\Notes.Api.csproj", "{384C2419-CA48-4D4F-8470-DB86F1EE1435}"
EndProject
Project("{FAE04EC0-301F-11D3-BF4B-00C04F79EFBC}") = "Notes.Infrastructure", "Notes.Infrastructure\Notes.Infrastructure.csproj", "{0FBA78E9-EF9B-426E-9BE1-0C2CB7B26BA4}"
EndProject
Project("{FAE04EC0-301F-11D3-BF4B-00C04F79EFBC}") = "Notes.Core", "Notes.Core\Notes.Core.csproj", "{5521F45F-F1DC-4A92-BE9C-DB5205549C07}"
EndProject
Global
	GlobalSection(SolutionConfigurationPlatforms) = preSolution
		Debug|Any CPU = Debug|Any CPU
		Release|Any CPU = Release|Any CPU
	EndGlobalSection
	GlobalSection(ProjectConfigurationPlatforms) = postSolution
		{384C2419-CA48-4D4F-8470-DB86F1EE1435}.Debug|Any CPU.ActiveCfg = Debug|Any CPU
		{384C2419-CA48-4D4F-8470-DB86F1EE1435}.Debug|Any CPU.Build.0 = Debug|Any CPU
		{384C2419-CA48-4D4F-8470-DB86F1EE1435}.Release|Any CPU.ActiveCfg = Release|Any CPU
		{384C2419-CA48-4D4F-8470-DB86F1EE1435}.Release|Any CPU.Build.0 = Release|Any CPU
		{0FBA78E9-EF9B-426E-9BE1-0C2CB7B26BA4}.Debug|Any CPU.ActiveCfg = Debug|Any CPU
		{0FBA78E9-EF9B-426E-9BE1-0C2CB7B26BA4}.Debug|Any CPU.Build.0 = Debug|Any CPU
		{0FBA78E9-EF9B-426E-9BE1-0C2CB7B26BA4}.Release|Any CPU.ActiveCfg = Release|Any CPU
		{0FBA78E9-EF9B-426E-9BE1-0C2CB7B26BA4}.Release|Any CPU.Build.0 = Release|Any CPU
		{5521F45F-F1DC-4A92-BE9C-DB5205549C07}.Debug|Any CPU.ActiveCfg = Debug|Any CPU
		{5521F45F-F1DC-4A92-BE9C-DB5205549C07}.Debug|Any CPU.Build.0 = Debug|Any CPU
		{5521F45F-F1DC-4A92-BE9C-DB5205549C07}.Release|Any CPU.ActiveCfg = Release|Any CPU
		{5521F45F-F1DC-4A92-BE9C-DB5205549C07}.Release|Any CPU.Build.0 = Release|Any CPU
	EndGlobalSection
	GlobalSection(SolutionProperties) = preSolution
		HideSolutionNode = FALSE
	EndGlobalSection
	GlobalSection(ExtensibilityGlobals) = postSolution
		SolutionGuid = {BFD0F251-705B-4E35-BE1C-086F2282F6CA}
	EndGlobalSection
EndGlobal
